
Microsoft Visual Studio Solution File, Format Version 12.00
# Visual Studio Version 17
VisualStudioVersion = 17.14.36518.9 d17.14
MinimumVisualStudioVersion = 10.0.40219.1
Project("{FAE04EC0-301F-11D3-BF4B-00C04F79EFBC}") = "ProyectoFinal", "ProyectoFinal\ProyectoFinal.csproj", "{791FAD9A-5918-4945-8076-DA3AC01F34CA}"
EndProject
Global
	GlobalSection(SolutionConfigurationPlatforms) = preSolution
		Debug|Any CPU = Debug|Any CPU
		Release|Any CPU = Release|Any CPU
	EndGlobalSection
	GlobalSection(ProjectConfigurationPlatforms) = postSolution
		{791FAD9A-5918-4945-8076-DA3AC01F34CA}.Debug|Any CPU.ActiveCfg = Debug|Any CPU
		{791FAD9A-5918-4945-8076-DA3AC01F34CA}.Debug|Any CPU.Build.0 = Debug|Any CPU
		{791FAD9A-5918-4945-8076-DA3AC01F34CA}.Release|Any CPU.ActiveCfg = Release|Any CPU
		{791FAD9A-5918-4945-8076-DA3AC01F34CA}.Release|Any CPU.Build.0 = Release|Any CPU
	EndGlobalSection
	GlobalSection(SolutionProperties) = preSolution
		HideSolutionNode = FALSE
	EndGlobalSection
	GlobalSection(ExtensibilityGlobals) = postSolution
		SolutionGuid = {4BE00E2C-4F9D-4A55-8D40-D1F2E825FB20}
	EndGlobalSection
EndGlobal
